
Microsoft Visual Studio Solution File, Format Version 12.00
# Visual Studio Version 16
VisualStudioVersion = 16.0.29326.143
MinimumVisualStudioVersion = 10.0.40219.1
Project("{2150E333-8FDC-42A3-9474-1A3956D46DE8}") = "src", "src", "{D8CA87A6-C6DE-49B0-908B-21B7D0436A66}"
EndProject
Project("{FAE04EC0-301F-11D3-BF4B-00C04F79EFBC}") = "ApplicationCore", "src\ApplicationCore\ApplicationCore.csproj", "{8693CE3D-D6C2-4B28-A862-EA918CC3FFBE}"
EndProject
Project("{FAE04EC0-301F-11D3-BF4B-00C04F79EFBC}") = "Infrastructure", "src\Infrastructure\Infrastructure.csproj", "{3A0AC91F-3E38-4904-ACB6-A74537394309}"
EndProject
Project("{FAE04EC0-301F-11D3-BF4B-00C04F79EFBC}") = "Web", "src\Web\Web.csproj", "{EE621555-4A9C-4825-9D23-F8D65E7437F2}"
EndProject
Project("{E53339B2-1760-4266-BCC7-CA923CBCF16C}") = "docker-compose", "docker-compose.dcproj", "{6A05C63A-B4C1-4F2E-A7CB-8CD7FE252621}"
EndProject
Global
	GlobalSection(SolutionConfigurationPlatforms) = preSolution
		Debug|Any CPU = Debug|Any CPU
		Release|Any CPU = Release|Any CPU
	EndGlobalSection
	GlobalSection(ProjectConfigurationPlatforms) = postSolution
		{8693CE3D-D6C2-4B28-A862-EA918CC3FFBE}.Debug|Any CPU.ActiveCfg = Debug|Any CPU
		{8693CE3D-D6C2-4B28-A862-EA918CC3FFBE}.Debug|Any CPU.Build.0 = Debug|Any CPU
		{8693CE3D-D6C2-4B28-A862-EA918CC3FFBE}.Release|Any CPU.ActiveCfg = Release|Any CPU
		{8693CE3D-D6C2-4B28-A862-EA918CC3FFBE}.Release|Any CPU.Build.0 = Release|Any CPU
		{3A0AC91F-3E38-4904-ACB6-A74537394309}.Debug|Any CPU.ActiveCfg = Debug|Any CPU
		{3A0AC91F-3E38-4904-ACB6-A74537394309}.Debug|Any CPU.Build.0 = Debug|Any CPU
		{3A0AC91F-3E38-4904-ACB6-A74537394309}.Release|Any CPU.ActiveCfg = Release|Any CPU
		{3A0AC91F-3E38-4904-ACB6-A74537394309}.Release|Any CPU.Build.0 = Release|Any CPU
		{EE621555-4A9C-4825-9D23-F8D65E7437F2}.Debug|Any CPU.ActiveCfg = Debug|Any CPU
		{EE621555-4A9C-4825-9D23-F8D65E7437F2}.Debug|Any CPU.Build.0 = Debug|Any CPU
		{EE621555-4A9C-4825-9D23-F8D65E7437F2}.Release|Any CPU.ActiveCfg = Release|Any CPU
		{EE621555-4A9C-4825-9D23-F8D65E7437F2}.Release|Any CPU.Build.0 = Release|Any CPU
		{6A05C63A-B4C1-4F2E-A7CB-8CD7FE252621}.Debug|Any CPU.ActiveCfg = Debug|Any CPU
		{6A05C63A-B4C1-4F2E-A7CB-8CD7FE252621}.Debug|Any CPU.Build.0 = Debug|Any CPU
		{6A05C63A-B4C1-4F2E-A7CB-8CD7FE252621}.Release|Any CPU.ActiveCfg = Release|Any CPU
		{6A05C63A-B4C1-4F2E-A7CB-8CD7FE252621}.Release|Any CPU.Build.0 = Release|Any CPU
	EndGlobalSection
	GlobalSection(SolutionProperties) = preSolution
		HideSolutionNode = FALSE
	EndGlobalSection
	GlobalSection(NestedProjects) = preSolution
		{8693CE3D-D6C2-4B28-A862-EA918CC3FFBE} = {D8CA87A6-C6DE-49B0-908B-21B7D0436A66}
		{3A0AC91F-3E38-4904-ACB6-A74537394309} = {D8CA87A6-C6DE-49B0-908B-21B7D0436A66}
		{EE621555-4A9C-4825-9D23-F8D65E7437F2} = {D8CA87A6-C6DE-49B0-908B-21B7D0436A66}
	EndGlobalSection
	GlobalSection(ExtensibilityGlobals) = postSolution
		SolutionGuid = {ABAE7979-9D54-42F3-9976-1483E57D3B59}
	EndGlobalSection
EndGlobal
